// !$*UTF8*$!
{
	archiveVersion = 1;
	classes = {
	};
	objectVersion = 50;
	objects = {

/* Begin PBXBuildFile section */
		0CCC576B26EBA24900F4319A /* WeatherApp_Trial_OneApp.swift in Sources */ = {isa = PBXBuildFile; fileRef = 0CCC576A26EBA24900F4319A /* WeatherApp_Trial_OneApp.swift */; };
		0CCC576D26EBA24900F4319A /* ContentView.swift in Sources */ = {isa = PBXBuildFile; fileRef = 0CCC576C26EBA24900F4319A /* ContentView.swift */; };
		0CCC576F26EBA24C00F4319A /* Assets.xcassets in Resources */ = {isa = PBXBuildFile; fileRef = 0CCC576E26EBA24C00F4319A /* Assets.xcassets */; };
		0CCC577226EBA24C00F4319A /* Preview Assets.xcassets in Resources */ = {isa = PBXBuildFile; fileRef = 0CCC577126EBA24C00F4319A /* Preview Assets.xcassets */; };
		0CCC577A26EBA47E00F4319A /* City.swift in Sources */ = {isa = PBXBuildFile; fileRef = 0CCC577926EBA47E00F4319A /* City.swift */; };
		0CCC577E26EBA63800F4319A /* WeatherResponse.swift in Sources */ = {isa = PBXBuildFile; fileRef = 0CCC577B26EBA63800F4319A /* WeatherResponse.swift */; };
		0CCC577F26EBA63800F4319A /* WeatherService.swift in Sources */ = {isa = PBXBuildFile; fileRef = 0CCC577C26EBA63800F4319A /* WeatherService.swift */; };
		0CCC578226EBA82B00F4319A /* CityRowView.swift in Sources */ = {isa = PBXBuildFile; fileRef = 0CCC578126EBA82B00F4319A /* CityRowView.swift */; };
		0CCC578426EBB1C400F4319A /* DetailedWeatherView.swift in Sources */ = {isa = PBXBuildFile; fileRef = 0CCC578326EBB1C400F4319A /* DetailedWeatherView.swift */; };
		0CCC57AA26ECCF2E00F4319A /* README.md in Resources */ = {isa = PBXBuildFile; fileRef = 0CCC57A926ECCF2E00F4319A /* README.md */; };
		2CD713B926EBE602007510CC /* WeatherModel.swift in Sources */ = {isa = PBXBuildFile; fileRef = 2CD713B826EBE602007510CC /* WeatherModel.swift */; };
		2CD713BB26EC4E9D007510CC /* City+gradient.swift in Sources */ = {isa = PBXBuildFile; fileRef = 2CD713BA26EC4E9D007510CC /* City+gradient.swift */; };
/* End PBXBuildFile section */

/* Begin PBXFileReference section */
		0CCC576726EBA24900F4319A /* DevoWeatherApp.app */ = {isa = PBXFileReference; explicitFileType = wrapper.application; includeInIndex = 0; path = DevoWeatherApp.app; sourceTree = BUILT_PRODUCTS_DIR; };
		0CCC576A26EBA24900F4319A /* WeatherApp_Trial_OneApp.swift */ = {isa = PBXFileReference; lastKnownFileType = sourcecode.swift; path = WeatherApp_Trial_OneApp.swift; sourceTree = "<group>"; };
		0CCC576C26EBA24900F4319A /* ContentView.swift */ = {isa = PBXFileReference; lastKnownFileType = sourcecode.swift; path = ContentView.swift; sourceTree = "<group>"; };
		0CCC576E26EBA24C00F4319A /* Assets.xcassets */ = {isa = PBXFileReference; lastKnownFileType = folder.assetcatalog; path = Assets.xcassets; sourceTree = "<group>"; };
		0CCC577126EBA24C00F4319A /* Preview Assets.xcassets */ = {isa = PBXFileReference; lastKnownFileType = folder.assetcatalog; path = "Preview Assets.xcassets"; sourceTree = "<group>"; };
		0CCC577326EBA24C00F4319A /* Info.plist */ = {isa = PBXFileReference; lastKnownFileType = text.plist.xml; path = Info.plist; sourceTree = "<group>"; };
		0CCC577926EBA47E00F4319A /* City.swift */ = {isa = PBXFileReference; lastKnownFileType = sourcecode.swift; path = City.swift; sourceTree = "<group>"; };
		0CCC577B26EBA63800F4319A /* WeatherResponse.swift */ = {isa = PBXFileReference; fileEncoding = 4; lastKnownFileType = sourcecode.swift; path = WeatherResponse.swift; sourceTree = "<group>"; };
		0CCC577C26EBA63800F4319A /* WeatherService.swift */ = {isa = PBXFileReference; fileEncoding = 4; lastKnownFileType = sourcecode.swift; path = WeatherService.swift; sourceTree = "<group>"; };
		0CCC578126EBA82B00F4319A /* CityRowView.swift */ = {isa = PBXFileReference; fileEncoding = 4; lastKnownFileType = sourcecode.swift; path = CityRowView.swift; sourceTree = "<group>"; };
		0CCC578326EBB1C400F4319A /* DetailedWeatherView.swift */ = {isa = PBXFileReference; lastKnownFileType = sourcecode.swift; path = DetailedWeatherView.swift; sourceTree = "<group>"; };
		0CCC57A926ECCF2E00F4319A /* README.md */ = {isa = PBXFileReference; fileEncoding = 4; lastKnownFileType = net.daringfireball.markdown; name = README.md; path = ../README.md; sourceTree = "<group>"; };
		2CD713B826EBE602007510CC /* WeatherModel.swift */ = {isa = PBXFileReference; lastKnownFileType = sourcecode.swift; path = WeatherModel.swift; sourceTree = "<group>"; };
		2CD713BA26EC4E9D007510CC /* City+gradient.swift */ = {isa = PBXFileReference; lastKnownFileType = sourcecode.swift; path = "City+gradient.swift"; sourceTree = "<group>"; };
/* End PBXFileReference section */

/* Begin PBXFrameworksBuildPhase section */
		0CCC576426EBA24900F4319A /* Frameworks */ = {
			isa = PBXFrameworksBuildPhase;
			buildActionMask = 2147483647;
			files = (
			);
			runOnlyForDeploymentPostprocessing = 0;
		};
/* End PBXFrameworksBuildPhase section */

/* Begin PBXGroup section */
		0CCC575E26EBA24900F4319A = {
			isa = PBXGroup;
			children = (
				0CCC57A926ECCF2E00F4319A /* README.md */,
				0CCC576926EBA24900F4319A /* DevoWeatherApp */,
				0CCC576826EBA24900F4319A /* Products */,
			);
			sourceTree = "<group>";
		};
		0CCC576826EBA24900F4319A /* Products */ = {
			isa = PBXGroup;
			children = (
				0CCC576726EBA24900F4319A /* DevoWeatherApp.app */,
			);
			name = Products;
			sourceTree = "<group>";
		};
		0CCC576926EBA24900F4319A /* DevoWeatherApp */ = {
			isa = PBXGroup;
			children = (
				0CCC576A26EBA24900F4319A /* WeatherApp_Trial_OneApp.swift */,
				2CD713BD26EC5E3F007510CC /* Views */,
				2CD713BC26EC5E34007510CC /* Model */,
				2CD713BE26EC5E4E007510CC /* Services */,
				0CCC576E26EBA24C00F4319A /* Assets.xcassets */,
				0CCC577326EBA24C00F4319A /* Info.plist */,
				0CCC577026EBA24C00F4319A /* Preview Content */,
			);
			path = DevoWeatherApp;
			sourceTree = "<group>";
		};
		0CCC577026EBA24C00F4319A /* Preview Content */ = {
			isa = PBXGroup;
			children = (
				0CCC577126EBA24C00F4319A /* Preview Assets.xcassets */,
			);
			path = "Preview Content";
			sourceTree = "<group>";
		};
		2CD713BC26EC5E34007510CC /* Model */ = {
			isa = PBXGroup;
			children = (
				0CCC577926EBA47E00F4319A /* City.swift */,
				2CD713BA26EC4E9D007510CC /* City+gradient.swift */,
				2CD713B826EBE602007510CC /* WeatherModel.swift */,
				0CCC577B26EBA63800F4319A /* WeatherResponse.swift */,
			);
			path = Model;
			sourceTree = "<group>";
		};
		2CD713BD26EC5E3F007510CC /* Views */ = {
			isa = PBXGroup;
			children = (
				0CCC576C26EBA24900F4319A /* ContentView.swift */,
				0CCC578126EBA82B00F4319A /* CityRowView.swift */,
				0CCC578326EBB1C400F4319A /* DetailedWeatherView.swift */,
			);
			path = Views;
			sourceTree = "<group>";
		};
		2CD713BE26EC5E4E007510CC /* Services */ = {
			isa = PBXGroup;
			children = (
				0CCC577C26EBA63800F4319A /* WeatherService.swift */,
			);
			path = Services;
			sourceTree = "<group>";
		};
/* End PBXGroup section */

/* Begin PBXNativeTarget section */
		0CCC576626EBA24900F4319A /* DevoWeatherApp */ = {
			isa = PBXNativeTarget;
			buildConfigurationList = 0CCC577626EBA24C00F4319A /* Build configuration list for PBXNativeTarget "DevoWeatherApp" */;
			buildPhases = (
				0CCC576326EBA24900F4319A /* Sources */,
				0CCC576426EBA24900F4319A /* Frameworks */,
				0CCC576526EBA24900F4319A /* Resources */,
			);
			buildRules = (
			);
			dependencies = (
			);
			name = DevoWeatherApp;
			productName = "WeatherApp-Trial-One";
			productReference = 0CCC576726EBA24900F4319A /* DevoWeatherApp.app */;
			productType = "com.apple.product-type.application";
		};
/* End PBXNativeTarget section */

/* Begin PBXProject section */
		0CCC575F26EBA24900F4319A /* Project object */ = {
			isa = PBXProject;
			attributes = {
				LastSwiftUpdateCheck = 1250;
				LastUpgradeCheck = 1250;
				TargetAttributes = {
					0CCC576626EBA24900F4319A = {
						CreatedOnToolsVersion = 12.5.1;
					};
				};
			};
			buildConfigurationList = 0CCC576226EBA24900F4319A /* Build configuration list for PBXProject "DevoWeatherApp" */;
			compatibilityVersion = "Xcode 9.3";
			developmentRegion = en;
			hasScannedForEncodings = 0;
			knownRegions = (
				en,
				Base,
			);
			mainGroup = 0CCC575E26EBA24900F4319A;
			productRefGroup = 0CCC576826EBA24900F4319A /* Products */;
			projectDirPath = "";
			projectRoot = "";
			targets = (
				0CCC576626EBA24900F4319A /* DevoWeatherApp */,
			);
		};
/* End PBXProject section */

/* Begin PBXResourcesBuildPhase section */
		0CCC576526EBA24900F4319A /* Resources */ = {
			isa = PBXResourcesBuildPhase;
			buildActionMask = 2147483647;
			files = (
				0CCC57AA26ECCF2E00F4319A /* README.md in Resources */,
				0CCC577226EBA24C00F4319A /* Preview Assets.xcassets in Resources */,
				0CCC576F26EBA24C00F4319A /* Assets.xcassets in Resources */,
			);
			runOnlyForDeploymentPostprocessing = 0;
		};
/* End PBXResourcesBuildPhase section */

/* Begin PBXSourcesBuildPhase section */
		0CCC576326EBA24900F4319A /* Sources */ = {
			isa = PBXSourcesBuildPhase;
			buildActionMask = 2147483647;
			files = (
				2CD713B926EBE602007510CC /* WeatherModel.swift in Sources */,
				0CCC577F26EBA63800F4319A /* WeatherService.swift in Sources */,
				2CD713BB26EC4E9D007510CC /* City+gradient.swift in Sources */,
				0CCC576D26EBA24900F4319A /* ContentView.swift in Sources */,
				0CCC578426EBB1C400F4319A /* DetailedWeatherView.swift in Sources */,
				0CCC576B26EBA24900F4319A /* WeatherApp_Trial_OneApp.swift in Sources */,
				0CCC577A26EBA47E00F4319A /* City.swift in Sources */,
				0CCC577E26EBA63800F4319A /* WeatherResponse.swift in Sources */,
				0CCC578226EBA82B00F4319A /* CityRowView.swift in Sources */,
			);
			runOnlyForDeploymentPostprocessing = 0;
		};
/* End PBXSourcesBuildPhase section */

/* Begin XCBuildConfiguration section */
		0CCC577426EBA24C00F4319A /* Debug */ = {
			isa = XCBuildConfiguration;
			buildSettings = {
				ALWAYS_SEARCH_USER_PATHS = NO;
				CLANG_ANALYZER_NONNULL = YES;
				CLANG_ANALYZER_NUMBER_OBJECT_CONVERSION = YES_AGGRESSIVE;
				CLANG_CXX_LANGUAGE_STANDARD = "gnu++14";
				CLANG_CXX_LIBRARY = "libc++";
				CLANG_ENABLE_MODULES = YES;
				CLANG_ENABLE_OBJC_ARC = YES;
				CLANG_ENABLE_OBJC_WEAK = YES;
				CLANG_WARN_BLOCK_CAPTURE_AUTORELEASING = YES;
				CLANG_WARN_BOOL_CONVERSION = YES;
				CLANG_WARN_COMMA = YES;
				CLANG_WARN_CONSTANT_CONVERSION = YES;
				CLANG_WARN_DEPRECATED_OBJC_IMPLEMENTATIONS = YES;
				CLANG_WARN_DIRECT_OBJC_ISA_USAGE = YES_ERROR;
				CLANG_WARN_DOCUMENTATION_COMMENTS = YES;
				CLANG_WARN_EMPTY_BODY = YES;
				CLANG_WARN_ENUM_CONVERSION = YES;
				CLANG_WARN_INFINITE_RECURSION = YES;
				CLANG_WARN_INT_CONVERSION = YES;
				CLANG_WARN_NON_LITERAL_NULL_CONVERSION = YES;
				CLANG_WARN_OBJC_IMPLICIT_RETAIN_SELF = YES;
				CLANG_WARN_OBJC_LITERAL_CONVERSION = YES;
				CLANG_WARN_OBJC_ROOT_CLASS = YES_ERROR;
				CLANG_WARN_QUOTED_INCLUDE_IN_FRAMEWORK_HEADER = YES;
				CLANG_WARN_RANGE_LOOP_ANALYSIS = YES;
				CLANG_WARN_STRICT_PROTOTYPES = YES;
				CLANG_WARN_SUSPICIOUS_MOVE = YES;
				CLANG_WARN_UNGUARDED_AVAILABILITY = YES_AGGRESSIVE;
				CLANG_WARN_UNREACHABLE_CODE = YES;
				CLANG_WARN__DUPLICATE_METHOD_MATCH = YES;
				COPY_PHASE_STRIP = NO;
				DEBUG_INFORMATION_FORMAT = dwarf;
				ENABLE_STRICT_OBJC_MSGSEND = YES;
				ENABLE_TESTABILITY = YES;
				GCC_C_LANGUAGE_STANDARD = gnu11;
				GCC_DYNAMIC_NO_PIC = NO;
				GCC_NO_COMMON_BLOCKS = YES;
				GCC_OPTIMIZATION_LEVEL = 0;
				GCC_PREPROCESSOR_DEFINITIONS = (
					"DEBUG=1",
					"$(inherited)",
				);
				GCC_WARN_64_TO_32_BIT_CONVERSION = YES;
				GCC_WARN_ABOUT_RETURN_TYPE = YES_ERROR;
				GCC_WARN_UNDECLARED_SELECTOR = YES;
				GCC_WARN_UNINITIALIZED_AUTOS = YES_AGGRESSIVE;
				GCC_WARN_UNUSED_FUNCTION = YES;
				GCC_WARN_UNUSED_VARIABLE = YES;
				IPHONEOS_DEPLOYMENT_TARGET = 14.5;
				MTL_ENABLE_DEBUG_INFO = INCLUDE_SOURCE;
				MTL_FAST_MATH = YES;
				ONLY_ACTIVE_ARCH = YES;
				SDKROOT = iphoneos;
				SWIFT_ACTIVE_COMPILATION_CONDITIONS = DEBUG;
				SWIFT_OPTIMIZATION_LEVEL = "-Onone";
			};
			name = Debug;
		};
		0CCC577526EBA24C00F4319A /* Release */ = {
			isa = XCBuildConfiguration;
			buildSettings = {
				ALWAYS_SEARCH_USER_PATHS = NO;
				CLANG_ANALYZER_NONNULL = YES;
				CLANG_ANALYZER_NUMBER_OBJECT_CONVERSION = YES_AGGRESSIVE;
				CLANG_CXX_LANGUAGE_STANDARD = "gnu++14";
				CLANG_CXX_LIBRARY = "libc++";
				CLANG_ENABLE_MODULES = YES;
				CLANG_ENABLE_OBJC_ARC = YES;
				CLANG_ENABLE_OBJC_WEAK = YES;
				CLANG_WARN_BLOCK_CAPTURE_AUTORELEASING = YES;
				CLANG_WARN_BOOL_CONVERSION = YES;
				CLANG_WARN_COMMA = YES;
				CLANG_WARN_CONSTANT_CONVERSION = YES;
				CLANG_WARN_DEPRECATED_OBJC_IMPLEMENTATIONS = YES;
				CLANG_WARN_DIRECT_OBJC_ISA_USAGE = YES_ERROR;
				CLANG_WARN_DOCUMENTATION_COMMENTS = YES;
				CLANG_WARN_EMPTY_BODY = YES;
				CLANG_WARN_ENUM_CONVERSION = YES;
				CLANG_WARN_INFINITE_RECURSION = YES;
				CLANG_WARN_INT_CONVERSION = YES;
				CLANG_WARN_NON_LITERAL_NULL_CONVERSION = YES;
				CLANG_WARN_OBJC_IMPLICIT_RETAIN_SELF = YES;
				CLANG_WARN_OBJC_LITERAL_CONVERSION = YES;
				CLANG_WARN_OBJC_ROOT_CLASS = YES_ERROR;
				CLANG_WARN_QUOTED_INCLUDE_IN_FRAMEWORK_HEADER = YES;
				CLANG_WARN_RANGE_LOOP_ANALYSIS = YES;
				CLANG_WARN_STRICT_PROTOTYPES = YES;
				CLANG_WARN_SUSPICIOUS_MOVE = YES;
				CLANG_WARN_UNGUARDED_AVAILABILITY = YES_AGGRESSIVE;
				CLANG_WARN_UNREACHABLE_CODE = YES;
				CLANG_WARN__DUPLICATE_METHOD_MATCH = YES;
				COPY_PHASE_STRIP = NO;
				DEBUG_INFORMATION_FORMAT = "dwarf-with-dsym";
				ENABLE_NS_ASSERTIONS = NO;
				ENABLE_STRICT_OBJC_MSGSEND = YES;
				GCC_C_LANGUAGE_STANDARD = gnu11;
				GCC_NO_COMMON_BLOCKS = YES;
				GCC_WARN_64_TO_32_BIT_CONVERSION = YES;
				GCC_WARN_ABOUT_RETURN_TYPE = YES_ERROR;
				GCC_WARN_UNDECLARED_SELECTOR = YES;
				GCC_WARN_UNINITIALIZED_AUTOS = YES_AGGRESSIVE;
				GCC_WARN_UNUSED_FUNCTION = YES;
				GCC_WARN_UNUSED_VARIABLE = YES;
				IPHONEOS_DEPLOYMENT_TARGET = 14.5;
				MTL_ENABLE_DEBUG_INFO = NO;
				MTL_FAST_MATH = YES;
				SDKROOT = iphoneos;
				SWIFT_COMPILATION_MODE = wholemodule;
				SWIFT_OPTIMIZATION_LEVEL = "-O";
				VALIDATE_PRODUCT = YES;
			};
			name = Release;
		};
		0CCC577726EBA24C00F4319A /* Debug */ = {
			isa = XCBuildConfiguration;
			buildSettings = {
				ASSETCATALOG_COMPILER_APPICON_NAME = AppIcon;
				ASSETCATALOG_COMPILER_GLOBAL_ACCENT_COLOR_NAME = AccentColor;
				CODE_SIGN_STYLE = Automatic;
				DEVELOPMENT_ASSET_PATHS = "\"DevoWeatherApp/Preview Content\"";
				DEVELOPMENT_TEAM = "";
				ENABLE_PREVIEWS = YES;
				INFOPLIST_FILE = DevoWeatherApp/Info.plist;
				IPHONEOS_DEPLOYMENT_TARGET = 14.0;
				LD_RUNPATH_SEARCH_PATHS = (
					"$(inherited)",
					"@executable_path/Frameworks",
				);
				PRODUCT_BUNDLE_IDENTIFIER = com.pkManifest.devopedia.DemoWeatherApp;
				PRODUCT_NAME = "$(TARGET_NAME)";
				SWIFT_VERSION = 5.0;
				TARGETED_DEVICE_FAMILY = "1,2";
			};
			name = Debug;
		};
		0CCC577826EBA24C00F4319A /* Release */ = {
			isa = XCBuildConfiguration;
			buildSettings = {
				ASSETCATALOG_COMPILER_APPICON_NAME = AppIcon;
				ASSETCATALOG_COMPILER_GLOBAL_ACCENT_COLOR_NAME = AccentColor;
				CODE_SIGN_STYLE = Automatic;
				DEVELOPMENT_ASSET_PATHS = "\"DevoWeatherApp/Preview Content\"";
				DEVELOPMENT_TEAM = "";
				ENABLE_PREVIEWS = YES;
				INFOPLIST_FILE = DevoWeatherApp/Info.plist;
				IPHONEOS_DEPLOYMENT_TARGET = 14.0;
				LD_RUNPATH_SEARCH_PATHS = (
					"$(inherited)",
					"@executable_path/Frameworks",
				);
				PRODUCT_BUNDLE_IDENTIFIER = com.pkManifest.devopedia.DemoWeatherApp;
				PRODUCT_NAME = "$(TARGET_NAME)";
				SWIFT_VERSION = 5.0;
				TARGETED_DEVICE_FAMILY = "1,2";
			};
			name = Release;
		};
/* End XCBuildConfiguration section */

/* Begin XCConfigurationList section */
		0CCC576226EBA24900F4319A /* Build configuration list for PBXProject "DevoWeatherApp" */ = {
			isa = XCConfigurationList;
			buildConfigurations = (
				0CCC577426EBA24C00F4319A /* Debug */,
				0CCC577526EBA24C00F4319A /* Release */,
			);
			defaultConfigurationIsVisible = 0;
			defaultConfigurationName = Release;
		};
		0CCC577626EBA24C00F4319A /* Build configuration list for PBXNativeTarget "DevoWeatherApp" */ = {
			isa = XCConfigurationList;
			buildConfigurations = (
				0CCC577726EBA24C00F4319A /* Debug */,
				0CCC577826EBA24C00F4319A /* Release */,
			);
			defaultConfigurationIsVisible = 0;
			defaultConfigurationName = Release;
		};
/* End XCConfigurationList section */
	};
	rootObject = 0CCC575F26EBA24900F4319A /* Project object */;
}
